
Microsoft Visual Studio Solution File, Format Version 12.00
# Visual Studio Version 16
VisualStudioVersion = 16.0.31321.278
MinimumVisualStudioVersion = 10.0.40219.1
Project("{FAE04EC0-301F-11D3-BF4B-00C04F79EFBC}") = "TelegramCommandsExtension", "TelegramCommandsExtension.csproj", "{DDCF99AC-C5DD-47AE-8BB3-F3008D4BD179}"
EndProject
Global
	GlobalSection(SolutionConfigurationPlatforms) = preSolution
		Debug|Any CPU = Debug|Any CPU
		Release|Any CPU = Release|Any CPU
	EndGlobalSection
	GlobalSection(ProjectConfigurationPlatforms) = postSolution
		{DDCF99AC-C5DD-47AE-8BB3-F3008D4BD179}.Debug|Any CPU.ActiveCfg = Debug|Any CPU
		{DDCF99AC-C5DD-47AE-8BB3-F3008D4BD179}.Debug|Any CPU.Build.0 = Debug|Any CPU
		{DDCF99AC-C5DD-47AE-8BB3-F3008D4BD179}.Release|Any CPU.ActiveCfg = Release|Any CPU
		{DDCF99AC-C5DD-47AE-8BB3-F3008D4BD179}.Release|Any CPU.Build.0 = Release|Any CPU
	EndGlobalSection
	GlobalSection(SolutionProperties) = preSolution
		HideSolutionNode = FALSE
	EndGlobalSection
	GlobalSection(ExtensibilityGlobals) = postSolution
		SolutionGuid = {0F6F72A1-C41B-4E24-8E4B-DCC13B9A0D8F}
	EndGlobalSection
EndGlobal
